
Microsoft Visual Studio Solution File, Format Version 12.00
# Visual Studio 2012
Project("{FAE04EC0-301F-11D3-BF4B-00C04F79EFBC}") = "ISP", "ÍSP\ISP.csproj", "{87E053CE-756C-40ED-AFF9-8FB87BAB1E10}"
EndProject
Global
	GlobalSection(SolutionConfigurationPlatforms) = preSolution
		Debug|Any CPU = Debug|Any CPU
		Release|Any CPU = Release|Any CPU
	EndGlobalSection
	GlobalSection(ProjectConfigurationPlatforms) = postSolution
		{87E053CE-756C-40ED-AFF9-8FB87BAB1E10}.Debug|Any CPU.ActiveCfg = Debug|Any CPU
		{87E053CE-756C-40ED-AFF9-8FB87BAB1E10}.Debug|Any CPU.Build.0 = Debug|Any CPU
		{87E053CE-756C-40ED-AFF9-8FB87BAB1E10}.Release|Any CPU.ActiveCfg = Release|Any CPU
		{87E053CE-756C-40ED-AFF9-8FB87BAB1E10}.Release|Any CPU.Build.0 = Release|Any CPU
	EndGlobalSection
	GlobalSection(SolutionProperties) = preSolution
		HideSolutionNode = FALSE
	EndGlobalSection
EndGlobal
