
Microsoft Visual Studio Solution File, Format Version 12.00
# Visual Studio 2012
Project("{FAE04EC0-301F-11D3-BF4B-00C04F79EFBC}") = "ChainOfResponsability", "ChainOfResponsability\ChainOfResponsability.csproj", "{5D22E694-5DC7-49FF-8D1F-D0D36A4DDF51}"
EndProject
Global
	GlobalSection(SolutionConfigurationPlatforms) = preSolution
		Debug|Any CPU = Debug|Any CPU
		Release|Any CPU = Release|Any CPU
	EndGlobalSection
	GlobalSection(ProjectConfigurationPlatforms) = postSolution
		{5D22E694-5DC7-49FF-8D1F-D0D36A4DDF51}.Debug|Any CPU.ActiveCfg = Debug|Any CPU
		{5D22E694-5DC7-49FF-8D1F-D0D36A4DDF51}.Debug|Any CPU.Build.0 = Debug|Any CPU
		{5D22E694-5DC7-49FF-8D1F-D0D36A4DDF51}.Release|Any CPU.ActiveCfg = Release|Any CPU
		{5D22E694-5DC7-49FF-8D1F-D0D36A4DDF51}.Release|Any CPU.Build.0 = Release|Any CPU
	EndGlobalSection
	GlobalSection(SolutionProperties) = preSolution
		HideSolutionNode = FALSE
	EndGlobalSection
EndGlobal
